
Microsoft Visual Studio Solution File, Format Version 12.00
# Visual Studio Version 17
VisualStudioVersion = 17.4.33213.308
MinimumVisualStudioVersion = 10.0.40219.1
Project("{FAE04EC0-301F-11D3-BF4B-00C04F79EFBC}") = "Coin Keeper", "Coin Keeper\Coin Keeper.csproj", "{7B7F9F9C-7E7A-4E12-BAA8-274414F50199}"
EndProject
Project("{2150E333-8FDC-42A3-9474-1A3956D46DE8}") = "Solution Items", "Solution Items", "{080AEA36-FDEA-48AD-BEA8-F8CB01696DC7}"
	ProjectSection(SolutionItems) = preProject
		.editorconfig = .editorconfig
	EndProjectSection
EndProject
Global
	GlobalSection(SolutionConfigurationPlatforms) = preSolution
		Debug|Any CPU = Debug|Any CPU
		Release|Any CPU = Release|Any CPU
	EndGlobalSection
	GlobalSection(ProjectConfigurationPlatforms) = postSolution
		{7B7F9F9C-7E7A-4E12-BAA8-274414F50199}.Debug|Any CPU.ActiveCfg = Debug|Any CPU
		{7B7F9F9C-7E7A-4E12-BAA8-274414F50199}.Debug|Any CPU.Build.0 = Debug|Any CPU
		{7B7F9F9C-7E7A-4E12-BAA8-274414F50199}.Release|Any CPU.ActiveCfg = Release|Any CPU
		{7B7F9F9C-7E7A-4E12-BAA8-274414F50199}.Release|Any CPU.Build.0 = Release|Any CPU
	EndGlobalSection
	GlobalSection(SolutionProperties) = preSolution
		HideSolutionNode = FALSE
	EndGlobalSection
	GlobalSection(ExtensibilityGlobals) = postSolution
		SolutionGuid = {21630448-80ED-4128-B516-D65A8C70F6A2}
	EndGlobalSection
EndGlobal
